{
  "name": "mars-colony-common",
  "requires": true,
  "lockfileVersion": 1,
  "dependencies": {
    "lazy-get-decorator": {
      "version": "2.2.0",
      "resolved": "https://registry.npmjs.org/lazy-get-decorator/-/lazy-get-decorator-2.2.0.tgz",
      "integrity": "sha512-UhU+k+Wpkutdeg0y4TBbyCB3snHYfywe++FYDIYBJbO4rZUXevnAcgucq8MaervoXESYJt/lN9JASND5YhcFTg=="
    },
    "typescript": {
      "version": "4.1.2",
      "resolved": "https://registry.npmjs.org/typescript/-/typescript-4.1.2.tgz",
      "integrity": "sha512-thGloWsGH3SOxv1SoY7QojKi0tc+8FnOmiarEGMbd/lar7QOEd3hvlx3Fp5y6FlDUGl9L+pd4n2e+oToGMmhRQ==",
      "dev": true
    }
  }
}
